
Microsoft Visual Studio Solution File, Format Version 12.00
# Visual Studio Version 17
VisualStudioVersion = 17.5.002.0
MinimumVisualStudioVersion = 10.0.40219.1
Project("{9A19103F-16F7-4668-BE54-9A1E7A4F7556}") = "SharpSpeech", "SharpSpeech\SharpSpeech.csproj", "{10E2BC88-EE4B-478C-B7C5-BDA86EA81161}"
EndProject
Project("{9A19103F-16F7-4668-BE54-9A1E7A4F7556}") = "DemoConsole1", "DemoConsole1\DemoConsole1.csproj", "{A286203B-533B-4B5F-B494-0E6BA60C3B9C}"
EndProject
Global
	GlobalSection(SolutionConfigurationPlatforms) = preSolution
		Debug|Any CPU = Debug|Any CPU
		Release|Any CPU = Release|Any CPU
	EndGlobalSection
	GlobalSection(ProjectConfigurationPlatforms) = postSolution
		{10E2BC88-EE4B-478C-B7C5-BDA86EA81161}.Debug|Any CPU.ActiveCfg = Debug|Any CPU
		{10E2BC88-EE4B-478C-B7C5-BDA86EA81161}.Debug|Any CPU.Build.0 = Debug|Any CPU
		{10E2BC88-EE4B-478C-B7C5-BDA86EA81161}.Release|Any CPU.ActiveCfg = Release|Any CPU
		{10E2BC88-EE4B-478C-B7C5-BDA86EA81161}.Release|Any CPU.Build.0 = Release|Any CPU
		{A286203B-533B-4B5F-B494-0E6BA60C3B9C}.Debug|Any CPU.ActiveCfg = Debug|Any CPU
		{A286203B-533B-4B5F-B494-0E6BA60C3B9C}.Debug|Any CPU.Build.0 = Debug|Any CPU
		{A286203B-533B-4B5F-B494-0E6BA60C3B9C}.Release|Any CPU.ActiveCfg = Release|Any CPU
		{A286203B-533B-4B5F-B494-0E6BA60C3B9C}.Release|Any CPU.Build.0 = Release|Any CPU
	EndGlobalSection
	GlobalSection(SolutionProperties) = preSolution
		HideSolutionNode = FALSE
	EndGlobalSection
	GlobalSection(ExtensibilityGlobals) = postSolution
		SolutionGuid = {165D1A85-39A8-4510-B1A0-3F7697D468BE}
	EndGlobalSection
EndGlobal
